
Microsoft Visual Studio Solution File, Format Version 12.00
# Visual Studio Version 17
VisualStudioVersion = 17.14.36518.9 d17.14
MinimumVisualStudioVersion = 10.0.40219.1
Project("{FAE04EC0-301F-11D3-BF4B-00C04F79EFBC}") = "verifica", "verifica\verifica.csproj", "{2311D0E4-B934-4F20-AB95-2ADDE6DB2F23}"
EndProject
Global
	GlobalSection(SolutionConfigurationPlatforms) = preSolution
		Debug|Any CPU = Debug|Any CPU
		Release|Any CPU = Release|Any CPU
	EndGlobalSection
	GlobalSection(ProjectConfigurationPlatforms) = postSolution
		{2311D0E4-B934-4F20-AB95-2ADDE6DB2F23}.Debug|Any CPU.ActiveCfg = Debug|Any CPU
		{2311D0E4-B934-4F20-AB95-2ADDE6DB2F23}.Debug|Any CPU.Build.0 = Debug|Any CPU
		{2311D0E4-B934-4F20-AB95-2ADDE6DB2F23}.Release|Any CPU.ActiveCfg = Release|Any CPU
		{2311D0E4-B934-4F20-AB95-2ADDE6DB2F23}.Release|Any CPU.Build.0 = Release|Any CPU
	EndGlobalSection
	GlobalSection(SolutionProperties) = preSolution
		HideSolutionNode = FALSE
	EndGlobalSection
	GlobalSection(ExtensibilityGlobals) = postSolution
		SolutionGuid = {4B2DD43A-05FF-4140-8A27-198525C73479}
	EndGlobalSection
EndGlobal
